// !$*UTF8*$!
{
	archiveVersion = 1;
	classes = {
	};
	objectVersion = 56;
	objects = {

/* Begin PBXBuildFile section */
		963A72CC2AF9FECD00C5569C /* OnboardingViewController.swift in Sources */ = {isa = PBXBuildFile; fileRef = 963A72CB2AF9FECD00C5569C /* OnboardingViewController.swift */; };
		963A72CE2AFA085400C5569C /* OnboardingContentViewController.swift in Sources */ = {isa = PBXBuildFile; fileRef = 963A72CD2AFA085400C5569C /* OnboardingContentViewController.swift */; };
		963DF95D2AE2EA8400DE56F5 /* CreatingTrackersModel.swift in Sources */ = {isa = PBXBuildFile; fileRef = 963DF95C2AE2EA8400DE56F5 /* CreatingTrackersModel.swift */; };
		964221702B09FF9300D44634 /* FilterViewController.swift in Sources */ = {isa = PBXBuildFile; fileRef = 9642216F2B09FF9300D44634 /* FilterViewController.swift */; };
		9642A4852ACB330A003D8172 /* Date.swift in Sources */ = {isa = PBXBuildFile; fileRef = 9642A4842ACB330A003D8172 /* Date.swift */; };
		9642A4882ACC768E003D8172 /* CreatingNewTrackerViewController.swift in Sources */ = {isa = PBXBuildFile; fileRef = 9642A4872ACC768E003D8172 /* CreatingNewTrackerViewController.swift */; };
		9642A48A2ACD98F0003D8172 /* CreatingHabitViewController.swift in Sources */ = {isa = PBXBuildFile; fileRef = 9642A4892ACD98F0003D8172 /* CreatingHabitViewController.swift */; };
		9642A48C2ACD9930003D8172 /* CreatingIrregularEventViewController.swift in Sources */ = {isa = PBXBuildFile; fileRef = 9642A48B2ACD9930003D8172 /* CreatingIrregularEventViewController.swift */; };
		9642A48E2ACEF966003D8172 /* TextField.swift in Sources */ = {isa = PBXBuildFile; fileRef = 9642A48D2ACEF966003D8172 /* TextField.swift */; };
		9642A4902ACFF63E003D8172 /* CreatingTableCell.swift in Sources */ = {isa = PBXBuildFile; fileRef = 9642A48F2ACFF63E003D8172 /* CreatingTableCell.swift */; };
		9642A4922AD3222F003D8172 /* CategoryViewController.swift in Sources */ = {isa = PBXBuildFile; fileRef = 9642A4912AD3222F003D8172 /* CategoryViewController.swift */; };
		9642A4942AD322BF003D8172 /* ScheduleViewController.swift in Sources */ = {isa = PBXBuildFile; fileRef = 9642A4932AD322BF003D8172 /* ScheduleViewController.swift */; };
		9642A4982AD3FBA0003D8172 /* ScheduleCell.swift in Sources */ = {isa = PBXBuildFile; fileRef = 9642A4972AD3FBA0003D8172 /* ScheduleCell.swift */; };
		9642A49A2AD40482003D8172 /* CreatingCategoryViewController.swift in Sources */ = {isa = PBXBuildFile; fileRef = 9642A4992AD40482003D8172 /* CreatingCategoryViewController.swift */; };
		9642A49C2AD43F8C003D8172 /* DataStorege.swift in Sources */ = {isa = PBXBuildFile; fileRef = 9642A49B2AD43F8C003D8172 /* DataStorege.swift */; };
		965A9A662AE5673500918949 /* EmojiCollectionViewCell.swift in Sources */ = {isa = PBXBuildFile; fileRef = 965A9A652AE5673500918949 /* EmojiCollectionViewCell.swift */; };
		965A9A682AE5675F00918949 /* ColorsCollectionViewCell.swift in Sources */ = {isa = PBXBuildFile; fileRef = 965A9A672AE5675F00918949 /* ColorsCollectionViewCell.swift */; };
		965A9A6C2AE784BA00918949 /* TrackerModel.xcdatamodeld in Sources */ = {isa = PBXBuildFile; fileRef = 965A9A6A2AE784BA00918949 /* TrackerModel.xcdatamodeld */; };
		965A9A922AE7C39A00918949 /* TrackerStore.swift in Sources */ = {isa = PBXBuildFile; fileRef = 965A9A912AE7C39A00918949 /* TrackerStore.swift */; };
		965A9A942AE7C3B600918949 /* TrackerCategoryStore.swift in Sources */ = {isa = PBXBuildFile; fileRef = 965A9A932AE7C3B600918949 /* TrackerCategoryStore.swift */; };
		965A9A962AE7C3CC00918949 /* TrackerRecordStore.swift in Sources */ = {isa = PBXBuildFile; fileRef = 965A9A952AE7C3CC00918949 /* TrackerRecordStore.swift */; };
		965A9A982AE7C6B000918949 /* UIColorMarshalling.swift in Sources */ = {isa = PBXBuildFile; fileRef = 965A9A972AE7C6B000918949 /* UIColorMarshalling.swift */; };
		965A9A9C2AF20A9F00918949 /* StoreError.swift in Sources */ = {isa = PBXBuildFile; fileRef = 965A9A9B2AF20A9F00918949 /* StoreError.swift */; };
		966EEC9B2AFD22E800CE4324 /* CategoryViewModel.swift in Sources */ = {isa = PBXBuildFile; fileRef = 966EEC9A2AFD22E800CE4324 /* CategoryViewModel.swift */; };
		966EECA02AFD358500CE4324 /* ObservableValue.swift in Sources */ = {isa = PBXBuildFile; fileRef = 966EEC9F2AFD358500CE4324 /* ObservableValue.swift */; };
		966EECA42B05DDEE00CE4324 /* StatisticsViewModel.swift in Sources */ = {isa = PBXBuildFile; fileRef = 966EECA32B05DDEE00CE4324 /* StatisticsViewModel.swift */; };
		966EECA62B0610EF00CE4324 /* StatisticCell.swift in Sources */ = {isa = PBXBuildFile; fileRef = 966EECA52B0610EF00CE4324 /* StatisticCell.swift */; };
		966EECA82B06146800CE4324 /* Statistics.swift in Sources */ = {isa = PBXBuildFile; fileRef = 966EECA72B06146800CE4324 /* Statistics.swift */; };
		96C858F72AC985F0000CBA0E /* AppDelegate.swift in Sources */ = {isa = PBXBuildFile; fileRef = 96C858F62AC985F0000CBA0E /* AppDelegate.swift */; };
		96C858F92AC985F0000CBA0E /* SceneDelegate.swift in Sources */ = {isa = PBXBuildFile; fileRef = 96C858F82AC985F0000CBA0E /* SceneDelegate.swift */; };
		96C858FB2AC985F0000CBA0E /* TrackersViewController.swift in Sources */ = {isa = PBXBuildFile; fileRef = 96C858FA2AC985F0000CBA0E /* TrackersViewController.swift */; };
		96C859002AC985F1000CBA0E /* Assets.xcassets in Resources */ = {isa = PBXBuildFile; fileRef = 96C858FF2AC985F1000CBA0E /* Assets.xcassets */; };
		96C859032AC985F1000CBA0E /* LaunchScreen.storyboard in Resources */ = {isa = PBXBuildFile; fileRef = 96C859012AC985F1000CBA0E /* LaunchScreen.storyboard */; };
		96C8590E2AC9C794000CBA0E /* UIColor.swift in Sources */ = {isa = PBXBuildFile; fileRef = 96C8590D2AC9C794000CBA0E /* UIColor.swift */; };
		96C859122ACA8990000CBA0E /* TabBarController.swift in Sources */ = {isa = PBXBuildFile; fileRef = 96C859112ACA8990000CBA0E /* TabBarController.swift */; };
		96ED93822ADBCFF5000C6028 /* TrackerCell.swift in Sources */ = {isa = PBXBuildFile; fileRef = 96ED93812ADBCFF5000C6028 /* TrackerCell.swift */; };
		96ED93852ADBD3AE000C6028 /* Tracker.swift in Sources */ = {isa = PBXBuildFile; fileRef = 96ED93842ADBD3AE000C6028 /* Tracker.swift */; };
		96ED93872ADC3D5C000C6028 /* OptionsForCollection.swift in Sources */ = {isa = PBXBuildFile; fileRef = 96ED93862ADC3D5C000C6028 /* OptionsForCollection.swift */; };
		96ED93892ADC4677000C6028 /* SupplementaryView.swift in Sources */ = {isa = PBXBuildFile; fileRef = 96ED93882ADC4677000C6028 /* SupplementaryView.swift */; };
		96ED938B2ADD75F3000C6028 /* TrackerCategory.swift in Sources */ = {isa = PBXBuildFile; fileRef = 96ED938A2ADD75F3000C6028 /* TrackerCategory.swift */; };
		96ED938D2ADD760D000C6028 /* TrackerRecord.swift in Sources */ = {isa = PBXBuildFile; fileRef = 96ED938C2ADD760D000C6028 /* TrackerRecord.swift */; };
		96ED93922ADED1F6000C6028 /* StatisticsViewController.swift in Sources */ = {isa = PBXBuildFile; fileRef = 96ED93912ADED1F6000C6028 /* StatisticsViewController.swift */; };
		96ED93942AE03207000C6028 /* UIViewController.swift in Sources */ = {isa = PBXBuildFile; fileRef = 96ED93932AE03207000C6028 /* UIViewController.swift */; };
/* End PBXBuildFile section */

/* Begin PBXFileReference section */
		963A72CB2AF9FECD00C5569C /* OnboardingViewController.swift */ = {isa = PBXFileReference; lastKnownFileType = sourcecode.swift; path = OnboardingViewController.swift; sourceTree = "<group>"; };
		963A72CD2AFA085400C5569C /* OnboardingContentViewController.swift */ = {isa = PBXFileReference; lastKnownFileType = sourcecode.swift; path = OnboardingContentViewController.swift; sourceTree = "<group>"; };
		963DF95C2AE2EA8400DE56F5 /* CreatingTrackersModel.swift */ = {isa = PBXFileReference; lastKnownFileType = sourcecode.swift; path = CreatingTrackersModel.swift; sourceTree = "<group>"; };
		9642216F2B09FF9300D44634 /* FilterViewController.swift */ = {isa = PBXFileReference; lastKnownFileType = sourcecode.swift; path = FilterViewController.swift; sourceTree = "<group>"; };
		9642A4842ACB330A003D8172 /* Date.swift */ = {isa = PBXFileReference; lastKnownFileType = sourcecode.swift; path = Date.swift; sourceTree = "<group>"; };
		9642A4872ACC768E003D8172 /* CreatingNewTrackerViewController.swift */ = {isa = PBXFileReference; lastKnownFileType = sourcecode.swift; path = CreatingNewTrackerViewController.swift; sourceTree = "<group>"; };
		9642A4892ACD98F0003D8172 /* CreatingHabitViewController.swift */ = {isa = PBXFileReference; lastKnownFileType = sourcecode.swift; path = CreatingHabitViewController.swift; sourceTree = "<group>"; };
		9642A48B2ACD9930003D8172 /* CreatingIrregularEventViewController.swift */ = {isa = PBXFileReference; lastKnownFileType = sourcecode.swift; path = CreatingIrregularEventViewController.swift; sourceTree = "<group>"; };
		9642A48D2ACEF966003D8172 /* TextField.swift */ = {isa = PBXFileReference; lastKnownFileType = sourcecode.swift; path = TextField.swift; sourceTree = "<group>"; };
		9642A48F2ACFF63E003D8172 /* CreatingTableCell.swift */ = {isa = PBXFileReference; lastKnownFileType = sourcecode.swift; path = CreatingTableCell.swift; sourceTree = "<group>"; };
		9642A4912AD3222F003D8172 /* CategoryViewController.swift */ = {isa = PBXFileReference; lastKnownFileType = sourcecode.swift; path = CategoryViewController.swift; sourceTree = "<group>"; };
		9642A4932AD322BF003D8172 /* ScheduleViewController.swift */ = {isa = PBXFileReference; lastKnownFileType = sourcecode.swift; path = ScheduleViewController.swift; sourceTree = "<group>"; };
		9642A4972AD3FBA0003D8172 /* ScheduleCell.swift */ = {isa = PBXFileReference; lastKnownFileType = sourcecode.swift; path = ScheduleCell.swift; sourceTree = "<group>"; };
		9642A4992AD40482003D8172 /* CreatingCategoryViewController.swift */ = {isa = PBXFileReference; lastKnownFileType = sourcecode.swift; path = CreatingCategoryViewController.swift; sourceTree = "<group>"; };
		9642A49B2AD43F8C003D8172 /* DataStorege.swift */ = {isa = PBXFileReference; lastKnownFileType = sourcecode.swift; path = DataStorege.swift; sourceTree = "<group>"; };
		965A9A652AE5673500918949 /* EmojiCollectionViewCell.swift */ = {isa = PBXFileReference; lastKnownFileType = sourcecode.swift; path = EmojiCollectionViewCell.swift; sourceTree = "<group>"; };
		965A9A672AE5675F00918949 /* ColorsCollectionViewCell.swift */ = {isa = PBXFileReference; lastKnownFileType = sourcecode.swift; path = ColorsCollectionViewCell.swift; sourceTree = "<group>"; };
		965A9A6B2AE784BA00918949 /* TrackerModel.xcdatamodel */ = {isa = PBXFileReference; lastKnownFileType = wrapper.xcdatamodel; path = TrackerModel.xcdatamodel; sourceTree = "<group>"; };
		965A9A912AE7C39A00918949 /* TrackerStore.swift */ = {isa = PBXFileReference; lastKnownFileType = sourcecode.swift; path = TrackerStore.swift; sourceTree = "<group>"; };
		965A9A932AE7C3B600918949 /* TrackerCategoryStore.swift */ = {isa = PBXFileReference; lastKnownFileType = sourcecode.swift; path = TrackerCategoryStore.swift; sourceTree = "<group>"; };
		965A9A952AE7C3CC00918949 /* TrackerRecordStore.swift */ = {isa = PBXFileReference; lastKnownFileType = sourcecode.swift; path = TrackerRecordStore.swift; sourceTree = "<group>"; };
		965A9A972AE7C6B000918949 /* UIColorMarshalling.swift */ = {isa = PBXFileReference; lastKnownFileType = sourcecode.swift; path = UIColorMarshalling.swift; sourceTree = "<group>"; };
		965A9A9B2AF20A9F00918949 /* StoreError.swift */ = {isa = PBXFileReference; lastKnownFileType = sourcecode.swift; path = StoreError.swift; sourceTree = "<group>"; };
		966EEC9A2AFD22E800CE4324 /* CategoryViewModel.swift */ = {isa = PBXFileReference; lastKnownFileType = sourcecode.swift; path = CategoryViewModel.swift; sourceTree = "<group>"; };
		966EEC9F2AFD358500CE4324 /* ObservableValue.swift */ = {isa = PBXFileReference; lastKnownFileType = sourcecode.swift; path = ObservableValue.swift; sourceTree = "<group>"; };
		966EECA32B05DDEE00CE4324 /* StatisticsViewModel.swift */ = {isa = PBXFileReference; lastKnownFileType = sourcecode.swift; path = StatisticsViewModel.swift; sourceTree = "<group>"; };
		966EECA52B0610EF00CE4324 /* StatisticCell.swift */ = {isa = PBXFileReference; lastKnownFileType = sourcecode.swift; path = StatisticCell.swift; sourceTree = "<group>"; };
		966EECA72B06146800CE4324 /* Statistics.swift */ = {isa = PBXFileReference; lastKnownFileType = sourcecode.swift; path = Statistics.swift; sourceTree = "<group>"; };
		96C858F32AC985F0000CBA0E /* Tracker.app */ = {isa = PBXFileReference; explicitFileType = wrapper.application; includeInIndex = 0; path = Tracker.app; sourceTree = BUILT_PRODUCTS_DIR; };
		96C858F62AC985F0000CBA0E /* AppDelegate.swift */ = {isa = PBXFileReference; lastKnownFileType = sourcecode.swift; path = AppDelegate.swift; sourceTree = "<group>"; };
		96C858F82AC985F0000CBA0E /* SceneDelegate.swift */ = {isa = PBXFileReference; lastKnownFileType = sourcecode.swift; path = SceneDelegate.swift; sourceTree = "<group>"; };
		96C858FA2AC985F0000CBA0E /* TrackersViewController.swift */ = {isa = PBXFileReference; lastKnownFileType = sourcecode.swift; path = TrackersViewController.swift; sourceTree = "<group>"; };
		96C858FF2AC985F1000CBA0E /* Assets.xcassets */ = {isa = PBXFileReference; lastKnownFileType = folder.assetcatalog; path = Assets.xcassets; sourceTree = "<group>"; };
		96C859022AC985F1000CBA0E /* Base */ = {isa = PBXFileReference; lastKnownFileType = file.storyboard; name = Base; path = Base.lproj/LaunchScreen.storyboard; sourceTree = "<group>"; };
		96C859042AC985F1000CBA0E /* Info.plist */ = {isa = PBXFileReference; lastKnownFileType = text.plist.xml; path = Info.plist; sourceTree = "<group>"; };
		96C8590D2AC9C794000CBA0E /* UIColor.swift */ = {isa = PBXFileReference; lastKnownFileType = sourcecode.swift; path = UIColor.swift; sourceTree = "<group>"; };
		96C859112ACA8990000CBA0E /* TabBarController.swift */ = {isa = PBXFileReference; lastKnownFileType = sourcecode.swift; path = TabBarController.swift; sourceTree = "<group>"; };
		96ED93812ADBCFF5000C6028 /* TrackerCell.swift */ = {isa = PBXFileReference; lastKnownFileType = sourcecode.swift; path = TrackerCell.swift; sourceTree = "<group>"; };
		96ED93842ADBD3AE000C6028 /* Tracker.swift */ = {isa = PBXFileReference; lastKnownFileType = sourcecode.swift; path = Tracker.swift; sourceTree = "<group>"; };
		96ED93862ADC3D5C000C6028 /* OptionsForCollection.swift */ = {isa = PBXFileReference; lastKnownFileType = sourcecode.swift; path = OptionsForCollection.swift; sourceTree = "<group>"; };
		96ED93882ADC4677000C6028 /* SupplementaryView.swift */ = {isa = PBXFileReference; lastKnownFileType = sourcecode.swift; path = SupplementaryView.swift; sourceTree = "<group>"; };
		96ED938A2ADD75F3000C6028 /* TrackerCategory.swift */ = {isa = PBXFileReference; lastKnownFileType = sourcecode.swift; path = TrackerCategory.swift; sourceTree = "<group>"; };
		96ED938C2ADD760D000C6028 /* TrackerRecord.swift */ = {isa = PBXFileReference; lastKnownFileType = sourcecode.swift; path = TrackerRecord.swift; sourceTree = "<group>"; };
		96ED93912ADED1F6000C6028 /* StatisticsViewController.swift */ = {isa = PBXFileReference; lastKnownFileType = sourcecode.swift; path = StatisticsViewController.swift; sourceTree = "<group>"; };
		96ED93932AE03207000C6028 /* UIViewController.swift */ = {isa = PBXFileReference; lastKnownFileType = sourcecode.swift; path = UIViewController.swift; sourceTree = "<group>"; };
/* End PBXFileReference section */

/* Begin PBXFrameworksBuildPhase section */
		96C858F02AC985F0000CBA0E /* Frameworks */ = {
			isa = PBXFrameworksBuildPhase;
			buildActionMask = 2147483647;
			files = (
			);
			runOnlyForDeploymentPostprocessing = 0;
		};
/* End PBXFrameworksBuildPhase section */

/* Begin PBXGroup section */
		963A72CA2AF92E1000C5569C /* Onboarding */ = {
			isa = PBXGroup;
			children = (
				963A72CB2AF9FECD00C5569C /* OnboardingViewController.swift */,
				963A72CD2AFA085400C5569C /* OnboardingContentViewController.swift */,
			);
			path = Onboarding;
			sourceTree = "<group>";
		};
		9642216E2B09FF8100D44634 /* FilterViewController */ = {
			isa = PBXGroup;
			children = (
				9642216F2B09FF9300D44634 /* FilterViewController.swift */,
			);
			path = FilterViewController;
			sourceTree = "<group>";
		};
		9642A4862ACC7666003D8172 /* CreatingNewTracker */ = {
			isa = PBXGroup;
			children = (
				9642A4872ACC768E003D8172 /* CreatingNewTrackerViewController.swift */,
				9642A49D2AD91F72003D8172 /* CreatingHabit&Irregular */,
				9642A4952AD3F2DA003D8172 /* Category */,
				9642A4962AD3F396003D8172 /* Schedule */,
			);
			path = CreatingNewTracker;
			sourceTree = "<group>";
		};
		9642A4952AD3F2DA003D8172 /* Category */ = {
			isa = PBXGroup;
			children = (
				966EEC9E2AFD2FEC00CE4324 /* CreatingCategory */,
				9642A4912AD3222F003D8172 /* CategoryViewController.swift */,
				966EEC9A2AFD22E800CE4324 /* CategoryViewModel.swift */,
			);
			path = Category;
			sourceTree = "<group>";
		};
		9642A4962AD3F396003D8172 /* Schedule */ = {
			isa = PBXGroup;
			children = (
				9642A4932AD322BF003D8172 /* ScheduleViewController.swift */,
				9642A4972AD3FBA0003D8172 /* ScheduleCell.swift */,
			);
			path = Schedule;
			sourceTree = "<group>";
		};
		9642A49D2AD91F72003D8172 /* CreatingHabit&Irregular */ = {
			isa = PBXGroup;
			children = (
				9642A4892ACD98F0003D8172 /* CreatingHabitViewController.swift */,
				9642A48B2ACD9930003D8172 /* CreatingIrregularEventViewController.swift */,
				9642A48F2ACFF63E003D8172 /* CreatingTableCell.swift */,
				965A9A652AE5673500918949 /* EmojiCollectionViewCell.swift */,
				965A9A672AE5675F00918949 /* ColorsCollectionViewCell.swift */,
			);
			path = "CreatingHabit&Irregular";
			sourceTree = "<group>";
		};
		965A9A692AE7849100918949 /* CoreData */ = {
			isa = PBXGroup;
			children = (
				965A9A6A2AE784BA00918949 /* TrackerModel.xcdatamodeld */,
			);
			path = CoreData;
			sourceTree = "<group>";
		};
		965A9A902AE7C30800918949 /* Domain */ = {
			isa = PBXGroup;
			children = (
				965A9A912AE7C39A00918949 /* TrackerStore.swift */,
				965A9A932AE7C3B600918949 /* TrackerCategoryStore.swift */,
				965A9A952AE7C3CC00918949 /* TrackerRecordStore.swift */,
			);
			path = Domain;
			sourceTree = "<group>";
		};
		966EEC9E2AFD2FEC00CE4324 /* CreatingCategory */ = {
			isa = PBXGroup;
			children = (
				9642A4992AD40482003D8172 /* CreatingCategoryViewController.swift */,
			);
			path = CreatingCategory;
			sourceTree = "<group>";
		};
		96C858EA2AC985F0000CBA0E = {
			isa = PBXGroup;
			children = (
				96C858F52AC985F0000CBA0E /* Tracker */,
				96C858F42AC985F0000CBA0E /* Products */,
			);
			sourceTree = "<group>";
		};
		96C858F42AC985F0000CBA0E /* Products */ = {
			isa = PBXGroup;
			children = (
				96C858F32AC985F0000CBA0E /* Tracker.app */,
			);
			name = Products;
			sourceTree = "<group>";
		};
		96C858F52AC985F0000CBA0E /* Tracker */ = {
			isa = PBXGroup;
			children = (
				963A72CA2AF92E1000C5569C /* Onboarding */,
				965A9A902AE7C30800918949 /* Domain */,
				965A9A692AE7849100918949 /* CoreData */,
				96C8590A2AC995E4000CBA0E /* Resources */,
				96ED93832ADBD376000C6028 /* Models */,
				96C8590C2AC9C758000CBA0E /* Helpers */,
				96C8590B2AC99702000CBA0E /* Services */,
				96C859102ACA896F000CBA0E /* TabBarController */,
				96ED93902ADED1D5000C6028 /* StatisticsView */,
				96C8590F2AC9D9D3000CBA0E /* TrackersView */,
				9642A4862ACC7666003D8172 /* CreatingNewTracker */,
			);
			path = Tracker;
			sourceTree = "<group>";
		};
		96C8590A2AC995E4000CBA0E /* Resources */ = {
			isa = PBXGroup;
			children = (
				96C859012AC985F1000CBA0E /* LaunchScreen.storyboard */,
				96C858FF2AC985F1000CBA0E /* Assets.xcassets */,
				96C859042AC985F1000CBA0E /* Info.plist */,
			);
			path = Resources;
			sourceTree = "<group>";
		};
		96C8590B2AC99702000CBA0E /* Services */ = {
			isa = PBXGroup;
			children = (
				9642A49B2AD43F8C003D8172 /* DataStorege.swift */,
				96C858F62AC985F0000CBA0E /* AppDelegate.swift */,
				96C858F82AC985F0000CBA0E /* SceneDelegate.swift */,
			);
			path = Services;
			sourceTree = "<group>";
		};
		96C8590C2AC9C758000CBA0E /* Helpers */ = {
			isa = PBXGroup;
			children = (
				96C8590D2AC9C794000CBA0E /* UIColor.swift */,
				9642A4842ACB330A003D8172 /* Date.swift */,
				9642A48D2ACEF966003D8172 /* TextField.swift */,
				96ED93862ADC3D5C000C6028 /* OptionsForCollection.swift */,
				96ED93932AE03207000C6028 /* UIViewController.swift */,
				965A9A972AE7C6B000918949 /* UIColorMarshalling.swift */,
				965A9A9B2AF20A9F00918949 /* StoreError.swift */,
				966EEC9F2AFD358500CE4324 /* ObservableValue.swift */,
			);
			path = Helpers;
			sourceTree = "<group>";
		};
		96C8590F2AC9D9D3000CBA0E /* TrackersView */ = {
			isa = PBXGroup;
			children = (
				9642216E2B09FF8100D44634 /* FilterViewController */,
				96C858FA2AC985F0000CBA0E /* TrackersViewController.swift */,
				96ED93812ADBCFF5000C6028 /* TrackerCell.swift */,
				96ED93882ADC4677000C6028 /* SupplementaryView.swift */,
			);
			path = TrackersView;
			sourceTree = "<group>";
		};
		96C859102ACA896F000CBA0E /* TabBarController */ = {
			isa = PBXGroup;
			children = (
				96C859112ACA8990000CBA0E /* TabBarController.swift */,
			);
			path = TabBarController;
			sourceTree = "<group>";
		};
		96ED93832ADBD376000C6028 /* Models */ = {
			isa = PBXGroup;
			children = (
				96ED93842ADBD3AE000C6028 /* Tracker.swift */,
				96ED938A2ADD75F3000C6028 /* TrackerCategory.swift */,
				96ED938C2ADD760D000C6028 /* TrackerRecord.swift */,
				963DF95C2AE2EA8400DE56F5 /* CreatingTrackersModel.swift */,
				966EECA72B06146800CE4324 /* Statistics.swift */,
			);
			path = Models;
			sourceTree = "<group>";
		};
		96ED93902ADED1D5000C6028 /* StatisticsView */ = {
			isa = PBXGroup;
			children = (
				96ED93912ADED1F6000C6028 /* StatisticsViewController.swift */,
				966EECA32B05DDEE00CE4324 /* StatisticsViewModel.swift */,
				966EECA52B0610EF00CE4324 /* StatisticCell.swift */,
			);
			path = StatisticsView;
			sourceTree = "<group>";
		};
/* End PBXGroup section */

/* Begin PBXNativeTarget section */
		96C858F22AC985F0000CBA0E /* Tracker */ = {
			isa = PBXNativeTarget;
			buildConfigurationList = 96C859072AC985F1000CBA0E /* Build configuration list for PBXNativeTarget "Tracker" */;
			buildPhases = (
				96C858EF2AC985F0000CBA0E /* Sources */,
				96C858F02AC985F0000CBA0E /* Frameworks */,
				96C858F12AC985F0000CBA0E /* Resources */,
			);
			buildRules = (
			);
			dependencies = (
			);
			name = Tracker;
			productName = Tracker;
			productReference = 96C858F32AC985F0000CBA0E /* Tracker.app */;
			productType = "com.apple.product-type.application";
		};
/* End PBXNativeTarget section */

/* Begin PBXProject section */
		96C858EB2AC985F0000CBA0E /* Project object */ = {
			isa = PBXProject;
			attributes = {
				BuildIndependentTargetsInParallel = 1;
				LastSwiftUpdateCheck = 1500;
				LastUpgradeCheck = 1500;
				TargetAttributes = {
					96C858F22AC985F0000CBA0E = {
						CreatedOnToolsVersion = 15.0;
					};
				};
			};
			buildConfigurationList = 96C858EE2AC985F0000CBA0E /* Build configuration list for PBXProject "Tracker" */;
			compatibilityVersion = "Xcode 14.0";
			developmentRegion = en;
			hasScannedForEncodings = 0;
			knownRegions = (
				en,
				Base,
			);
			mainGroup = 96C858EA2AC985F0000CBA0E;
			productRefGroup = 96C858F42AC985F0000CBA0E /* Products */;
			projectDirPath = "";
			projectRoot = "";
			targets = (
				96C858F22AC985F0000CBA0E /* Tracker */,
			);
		};
/* End PBXProject section */

/* Begin PBXResourcesBuildPhase section */
		96C858F12AC985F0000CBA0E /* Resources */ = {
			isa = PBXResourcesBuildPhase;
			buildActionMask = 2147483647;
			files = (
				96C859032AC985F1000CBA0E /* LaunchScreen.storyboard in Resources */,
				96C859002AC985F1000CBA0E /* Assets.xcassets in Resources */,
			);
			runOnlyForDeploymentPostprocessing = 0;
		};
/* End PBXResourcesBuildPhase section */

/* Begin PBXSourcesBuildPhase section */
		96C858EF2AC985F0000CBA0E /* Sources */ = {
			isa = PBXSourcesBuildPhase;
			buildActionMask = 2147483647;
			files = (
				9642A4942AD322BF003D8172 /* ScheduleViewController.swift in Sources */,
				9642A4902ACFF63E003D8172 /* CreatingTableCell.swift in Sources */,
				965A9A982AE7C6B000918949 /* UIColorMarshalling.swift in Sources */,
				963A72CC2AF9FECD00C5569C /* OnboardingViewController.swift in Sources */,
				96ED93892ADC4677000C6028 /* SupplementaryView.swift in Sources */,
				96ED93922ADED1F6000C6028 /* StatisticsViewController.swift in Sources */,
				965A9A922AE7C39A00918949 /* TrackerStore.swift in Sources */,
				96ED93942AE03207000C6028 /* UIViewController.swift in Sources */,
				96ED938D2ADD760D000C6028 /* TrackerRecord.swift in Sources */,
				96ED93822ADBCFF5000C6028 /* TrackerCell.swift in Sources */,
				965A9A682AE5675F00918949 /* ColorsCollectionViewCell.swift in Sources */,
				96C858FB2AC985F0000CBA0E /* TrackersViewController.swift in Sources */,
				9642A4982AD3FBA0003D8172 /* ScheduleCell.swift in Sources */,
				96ED938B2ADD75F3000C6028 /* TrackerCategory.swift in Sources */,
				9642A4852ACB330A003D8172 /* Date.swift in Sources */,
				96C8590E2AC9C794000CBA0E /* UIColor.swift in Sources */,
				966EEC9B2AFD22E800CE4324 /* CategoryViewModel.swift in Sources */,
				964221702B09FF9300D44634 /* FilterViewController.swift in Sources */,
				965A9A9C2AF20A9F00918949 /* StoreError.swift in Sources */,
				9642A4922AD3222F003D8172 /* CategoryViewController.swift in Sources */,
				965A9A662AE5673500918949 /* EmojiCollectionViewCell.swift in Sources */,
				9642A48E2ACEF966003D8172 /* TextField.swift in Sources */,
				963A72CE2AFA085400C5569C /* OnboardingContentViewController.swift in Sources */,
				9642A48C2ACD9930003D8172 /* CreatingIrregularEventViewController.swift in Sources */,
				9642A48A2ACD98F0003D8172 /* CreatingHabitViewController.swift in Sources */,
				9642A49C2AD43F8C003D8172 /* DataStorege.swift in Sources */,
				966EECA62B0610EF00CE4324 /* StatisticCell.swift in Sources */,
				963DF95D2AE2EA8400DE56F5 /* CreatingTrackersModel.swift in Sources */,
				965A9A962AE7C3CC00918949 /* TrackerRecordStore.swift in Sources */,
				96ED93852ADBD3AE000C6028 /* Tracker.swift in Sources */,
				9642A49A2AD40482003D8172 /* CreatingCategoryViewController.swift in Sources */,
				966EECA42B05DDEE00CE4324 /* StatisticsViewModel.swift in Sources */,
				96ED93872ADC3D5C000C6028 /* OptionsForCollection.swift in Sources */,
				96C858F72AC985F0000CBA0E /* AppDelegate.swift in Sources */,
				96C859122ACA8990000CBA0E /* TabBarController.swift in Sources */,
				965A9A942AE7C3B600918949 /* TrackerCategoryStore.swift in Sources */,
				966EECA02AFD358500CE4324 /* ObservableValue.swift in Sources */,
				9642A4882ACC768E003D8172 /* CreatingNewTrackerViewController.swift in Sources */,
				965A9A6C2AE784BA00918949 /* TrackerModel.xcdatamodeld in Sources */,
				966EECA82B06146800CE4324 /* Statistics.swift in Sources */,
				96C858F92AC985F0000CBA0E /* SceneDelegate.swift in Sources */,
			);
			runOnlyForDeploymentPostprocessing = 0;
		};
/* End PBXSourcesBuildPhase section */

/* Begin PBXVariantGroup section */
		96C859012AC985F1000CBA0E /* LaunchScreen.storyboard */ = {
			isa = PBXVariantGroup;
			children = (
				96C859022AC985F1000CBA0E /* Base */,
			);
			name = LaunchScreen.storyboard;
			sourceTree = "<group>";
		};
/* End PBXVariantGroup section */

/* Begin XCBuildConfiguration section */
		96C859052AC985F1000CBA0E /* Debug */ = {
			isa = XCBuildConfiguration;
			buildSettings = {
				ALWAYS_SEARCH_USER_PATHS = NO;
				ASSETCATALOG_COMPILER_GENERATE_SWIFT_ASSET_SYMBOL_EXTENSIONS = YES;
				CLANG_ANALYZER_NONNULL = YES;
				CLANG_ANALYZER_NUMBER_OBJECT_CONVERSION = YES_AGGRESSIVE;
				CLANG_CXX_LANGUAGE_STANDARD = "gnu++20";
				CLANG_ENABLE_MODULES = YES;
				CLANG_ENABLE_OBJC_ARC = YES;
				CLANG_ENABLE_OBJC_WEAK = YES;
				CLANG_WARN_BLOCK_CAPTURE_AUTORELEASING = YES;
				CLANG_WARN_BOOL_CONVERSION = YES;
				CLANG_WARN_COMMA = YES;
				CLANG_WARN_CONSTANT_CONVERSION = YES;
				CLANG_WARN_DEPRECATED_OBJC_IMPLEMENTATIONS = YES;
				CLANG_WARN_DIRECT_OBJC_ISA_USAGE = YES_ERROR;
				CLANG_WARN_DOCUMENTATION_COMMENTS = YES;
				CLANG_WARN_EMPTY_BODY = YES;
				CLANG_WARN_ENUM_CONVERSION = YES;
				CLANG_WARN_INFINITE_RECURSION = YES;
				CLANG_WARN_INT_CONVERSION = YES;
				CLANG_WARN_NON_LITERAL_NULL_CONVERSION = YES;
				CLANG_WARN_OBJC_IMPLICIT_RETAIN_SELF = YES;
				CLANG_WARN_OBJC_LITERAL_CONVERSION = YES;
				CLANG_WARN_OBJC_ROOT_CLASS = YES_ERROR;
				CLANG_WARN_QUOTED_INCLUDE_IN_FRAMEWORK_HEADER = YES;
				CLANG_WARN_RANGE_LOOP_ANALYSIS = YES;
				CLANG_WARN_STRICT_PROTOTYPES = YES;
				CLANG_WARN_SUSPICIOUS_MOVE = YES;
				CLANG_WARN_UNGUARDED_AVAILABILITY = YES_AGGRESSIVE;
				CLANG_WARN_UNREACHABLE_CODE = YES;
				CLANG_WARN__DUPLICATE_METHOD_MATCH = YES;
				COPY_PHASE_STRIP = NO;
				DEBUG_INFORMATION_FORMAT = dwarf;
				ENABLE_STRICT_OBJC_MSGSEND = YES;
				ENABLE_TESTABILITY = YES;
				ENABLE_USER_SCRIPT_SANDBOXING = YES;
				GCC_C_LANGUAGE_STANDARD = gnu17;
				GCC_DYNAMIC_NO_PIC = NO;
				GCC_NO_COMMON_BLOCKS = YES;
				GCC_OPTIMIZATION_LEVEL = 0;
				GCC_PREPROCESSOR_DEFINITIONS = (
					"DEBUG=1",
					"$(inherited)",
				);
				GCC_WARN_64_TO_32_BIT_CONVERSION = YES;
				GCC_WARN_ABOUT_RETURN_TYPE = YES_ERROR;
				GCC_WARN_UNDECLARED_SELECTOR = YES;
				GCC_WARN_UNINITIALIZED_AUTOS = YES_AGGRESSIVE;
				GCC_WARN_UNUSED_FUNCTION = YES;
				GCC_WARN_UNUSED_VARIABLE = YES;
				IPHONEOS_DEPLOYMENT_TARGET = 13.4;
				LOCALIZATION_PREFERS_STRING_CATALOGS = YES;
				MTL_ENABLE_DEBUG_INFO = INCLUDE_SOURCE;
				MTL_FAST_MATH = YES;
				ONLY_ACTIVE_ARCH = YES;
				SDKROOT = iphoneos;
				SWIFT_ACTIVE_COMPILATION_CONDITIONS = "DEBUG $(inherited)";
				SWIFT_OPTIMIZATION_LEVEL = "-Onone";
			};
			name = Debug;
		};
		96C859062AC985F1000CBA0E /* Release */ = {
			isa = XCBuildConfiguration;
			buildSettings = {
				ALWAYS_SEARCH_USER_PATHS = NO;
				ASSETCATALOG_COMPILER_GENERATE_SWIFT_ASSET_SYMBOL_EXTENSIONS = YES;
				CLANG_ANALYZER_NONNULL = YES;
				CLANG_ANALYZER_NUMBER_OBJECT_CONVERSION = YES_AGGRESSIVE;
				CLANG_CXX_LANGUAGE_STANDARD = "gnu++20";
				CLANG_ENABLE_MODULES = YES;
				CLANG_ENABLE_OBJC_ARC = YES;
				CLANG_ENABLE_OBJC_WEAK = YES;
				CLANG_WARN_BLOCK_CAPTURE_AUTORELEASING = YES;
				CLANG_WARN_BOOL_CONVERSION = YES;
				CLANG_WARN_COMMA = YES;
				CLANG_WARN_CONSTANT_CONVERSION = YES;
				CLANG_WARN_DEPRECATED_OBJC_IMPLEMENTATIONS = YES;
				CLANG_WARN_DIRECT_OBJC_ISA_USAGE = YES_ERROR;
				CLANG_WARN_DOCUMENTATION_COMMENTS = YES;
				CLANG_WARN_EMPTY_BODY = YES;
				CLANG_WARN_ENUM_CONVERSION = YES;
				CLANG_WARN_INFINITE_RECURSION = YES;
				CLANG_WARN_INT_CONVERSION = YES;
				CLANG_WARN_NON_LITERAL_NULL_CONVERSION = YES;
				CLANG_WARN_OBJC_IMPLICIT_RETAIN_SELF = YES;
				CLANG_WARN_OBJC_LITERAL_CONVERSION = YES;
				CLANG_WARN_OBJC_ROOT_CLASS = YES_ERROR;
				CLANG_WARN_QUOTED_INCLUDE_IN_FRAMEWORK_HEADER = YES;
				CLANG_WARN_RANGE_LOOP_ANALYSIS = YES;
				CLANG_WARN_STRICT_PROTOTYPES = YES;
				CLANG_WARN_SUSPICIOUS_MOVE = YES;
				CLANG_WARN_UNGUARDED_AVAILABILITY = YES_AGGRESSIVE;
				CLANG_WARN_UNREACHABLE_CODE = YES;
				CLANG_WARN__DUPLICATE_METHOD_MATCH = YES;
				COPY_PHASE_STRIP = NO;
				DEBUG_INFORMATION_FORMAT = "dwarf-with-dsym";
				ENABLE_NS_ASSERTIONS = NO;
				ENABLE_STRICT_OBJC_MSGSEND = YES;
				ENABLE_USER_SCRIPT_SANDBOXING = YES;
				GCC_C_LANGUAGE_STANDARD = gnu17;
				GCC_NO_COMMON_BLOCKS = YES;
				GCC_WARN_64_TO_32_BIT_CONVERSION = YES;
				GCC_WARN_ABOUT_RETURN_TYPE = YES_ERROR;
				GCC_WARN_UNDECLARED_SELECTOR = YES;
				GCC_WARN_UNINITIALIZED_AUTOS = YES_AGGRESSIVE;
				GCC_WARN_UNUSED_FUNCTION = YES;
				GCC_WARN_UNUSED_VARIABLE = YES;
				IPHONEOS_DEPLOYMENT_TARGET = 13.4;
				LOCALIZATION_PREFERS_STRING_CATALOGS = YES;
				MTL_ENABLE_DEBUG_INFO = NO;
				MTL_FAST_MATH = YES;
				SDKROOT = iphoneos;
				SWIFT_COMPILATION_MODE = wholemodule;
				VALIDATE_PRODUCT = YES;
			};
			name = Release;
		};
		96C859082AC985F1000CBA0E /* Debug */ = {
			isa = XCBuildConfiguration;
			buildSettings = {
				ASSETCATALOG_COMPILER_APPICON_NAME = AppIcon;
				ASSETCATALOG_COMPILER_GLOBAL_ACCENT_COLOR_NAME = AccentColor;
				CODE_SIGN_STYLE = Automatic;
				CURRENT_PROJECT_VERSION = 1;
				DEVELOPMENT_TEAM = 8ZBXUD522V;
				GENERATE_INFOPLIST_FILE = YES;
				INFOPLIST_FILE = Tracker/Resources/Info.plist;
				INFOPLIST_KEY_UIApplicationSupportsIndirectInputEvents = YES;
				INFOPLIST_KEY_UILaunchStoryboardName = LaunchScreen;
				INFOPLIST_KEY_UISupportedInterfaceOrientations_iPad = "UIInterfaceOrientationPortrait UIInterfaceOrientationPortraitUpsideDown UIInterfaceOrientationLandscapeLeft UIInterfaceOrientationLandscapeRight";
				INFOPLIST_KEY_UISupportedInterfaceOrientations_iPhone = "UIInterfaceOrientationPortrait UIInterfaceOrientationLandscapeLeft UIInterfaceOrientationLandscapeRight";
				IPHONEOS_DEPLOYMENT_TARGET = 13.4;
				LD_RUNPATH_SEARCH_PATHS = (
					"$(inherited)",
					"@executable_path/Frameworks",
				);
				MARKETING_VERSION = 1.0;
				PRODUCT_BUNDLE_IDENTIFIER = ru.yandex.practicum;
				PRODUCT_NAME = "$(TARGET_NAME)";
				SUPPORTED_PLATFORMS = "iphoneos iphonesimulator";
				SUPPORTS_MACCATALYST = NO;
				SUPPORTS_MAC_DESIGNED_FOR_IPHONE_IPAD = NO;
				SWIFT_EMIT_LOC_STRINGS = YES;
				SWIFT_VERSION = 5.0;
				TARGETED_DEVICE_FAMILY = 1;
			};
			name = Debug;
		};
		96C859092AC985F1000CBA0E /* Release */ = {
			isa = XCBuildConfiguration;
			buildSettings = {
				ASSETCATALOG_COMPILER_APPICON_NAME = AppIcon;
				ASSETCATALOG_COMPILER_GLOBAL_ACCENT_COLOR_NAME = AccentColor;
				CODE_SIGN_STYLE = Automatic;
				CURRENT_PROJECT_VERSION = 1;
				DEVELOPMENT_TEAM = 8ZBXUD522V;
				GENERATE_INFOPLIST_FILE = YES;
				INFOPLIST_FILE = Tracker/Resources/Info.plist;
				INFOPLIST_KEY_UIApplicationSupportsIndirectInputEvents = YES;
				INFOPLIST_KEY_UILaunchStoryboardName = LaunchScreen;
				INFOPLIST_KEY_UISupportedInterfaceOrientations_iPad = "UIInterfaceOrientationPortrait UIInterfaceOrientationPortraitUpsideDown UIInterfaceOrientationLandscapeLeft UIInterfaceOrientationLandscapeRight";
				INFOPLIST_KEY_UISupportedInterfaceOrientations_iPhone = "UIInterfaceOrientationPortrait UIInterfaceOrientationLandscapeLeft UIInterfaceOrientationLandscapeRight";
				IPHONEOS_DEPLOYMENT_TARGET = 13.4;
				LD_RUNPATH_SEARCH_PATHS = (
					"$(inherited)",
					"@executable_path/Frameworks",
				);
				MARKETING_VERSION = 1.0;
				PRODUCT_BUNDLE_IDENTIFIER = ru.yandex.practicum;
				PRODUCT_NAME = "$(TARGET_NAME)";
				SUPPORTED_PLATFORMS = "iphoneos iphonesimulator";
				SUPPORTS_MACCATALYST = NO;
				SUPPORTS_MAC_DESIGNED_FOR_IPHONE_IPAD = NO;
				SWIFT_EMIT_LOC_STRINGS = YES;
				SWIFT_VERSION = 5.0;
				TARGETED_DEVICE_FAMILY = 1;
			};
			name = Release;
		};
/* End XCBuildConfiguration section */

/* Begin XCConfigurationList section */
		96C858EE2AC985F0000CBA0E /* Build configuration list for PBXProject "Tracker" */ = {
			isa = XCConfigurationList;
			buildConfigurations = (
				96C859052AC985F1000CBA0E /* Debug */,
				96C859062AC985F1000CBA0E /* Release */,
			);
			defaultConfigurationIsVisible = 0;
			defaultConfigurationName = Release;
		};
		96C859072AC985F1000CBA0E /* Build configuration list for PBXNativeTarget "Tracker" */ = {
			isa = XCConfigurationList;
			buildConfigurations = (
				96C859082AC985F1000CBA0E /* Debug */,
				96C859092AC985F1000CBA0E /* Release */,
			);
			defaultConfigurationIsVisible = 0;
			defaultConfigurationName = Release;
		};
/* End XCConfigurationList section */

/* Begin XCVersionGroup section */
		965A9A6A2AE784BA00918949 /* TrackerModel.xcdatamodeld */ = {
			isa = XCVersionGroup;
			children = (
				965A9A6B2AE784BA00918949 /* TrackerModel.xcdatamodel */,
			);
			currentVersion = 965A9A6B2AE784BA00918949 /* TrackerModel.xcdatamodel */;
			path = TrackerModel.xcdatamodeld;
			sourceTree = "<group>";
			versionGroupType = wrapper.xcdatamodel;
		};
/* End XCVersionGroup section */
	};
	rootObject = 96C858EB2AC985F0000CBA0E /* Project object */;
}
